
Microsoft Visual Studio Solution File, Format Version 12.00
# Visual Studio Version 16
VisualStudioVersion = 16.0.30413.136
MinimumVisualStudioVersion = 10.0.40219.1
Project("{FAE04EC0-301F-11D3-BF4B-00C04F79EFBC}") = "WavRecorder", "WavRecorder\WavRecorder.csproj", "{CB0258E8-7608-49A3-922F-D8FF2D9514C4}"
EndProject
Global
	GlobalSection(SolutionConfigurationPlatforms) = preSolution
		Debug|ARM = Debug|ARM
		Debug|ARM64 = Debug|ARM64
		Debug|x64 = Debug|x64
		Debug|x86 = Debug|x86
		Release|ARM = Release|ARM
		Release|ARM64 = Release|ARM64
		Release|x64 = Release|x64
		Release|x86 = Release|x86
	EndGlobalSection
	GlobalSection(ProjectConfigurationPlatforms) = postSolution
		{CB0258E8-7608-49A3-922F-D8FF2D9514C4}.Debug|ARM.ActiveCfg = Debug|ARM
		{CB0258E8-7608-49A3-922F-D8FF2D9514C4}.Debug|ARM.Build.0 = Debug|ARM
		{CB0258E8-7608-49A3-922F-D8FF2D9514C4}.Debug|ARM.Deploy.0 = Debug|ARM
		{CB0258E8-7608-49A3-922F-D8FF2D9514C4}.Debug|ARM64.ActiveCfg = Debug|ARM64
		{CB0258E8-7608-49A3-922F-D8FF2D9514C4}.Debug|ARM64.Build.0 = Debug|ARM64
		{CB0258E8-7608-49A3-922F-D8FF2D9514C4}.Debug|ARM64.Deploy.0 = Debug|ARM64
		{CB0258E8-7608-49A3-922F-D8FF2D9514C4}.Debug|x64.ActiveCfg = Debug|x64
		{CB0258E8-7608-49A3-922F-D8FF2D9514C4}.Debug|x64.Build.0 = Debug|x64
		{CB0258E8-7608-49A3-922F-D8FF2D9514C4}.Debug|x64.Deploy.0 = Debug|x64
		{CB0258E8-7608-49A3-922F-D8FF2D9514C4}.Debug|x86.ActiveCfg = Debug|x86
		{CB0258E8-7608-49A3-922F-D8FF2D9514C4}.Debug|x86.Build.0 = Debug|x86
		{CB0258E8-7608-49A3-922F-D8FF2D9514C4}.Debug|x86.Deploy.0 = Debug|x86
		{CB0258E8-7608-49A3-922F-D8FF2D9514C4}.Release|ARM.ActiveCfg = Release|ARM
		{CB0258E8-7608-49A3-922F-D8FF2D9514C4}.Release|ARM.Build.0 = Release|ARM
		{CB0258E8-7608-49A3-922F-D8FF2D9514C4}.Release|ARM.Deploy.0 = Release|ARM
		{CB0258E8-7608-49A3-922F-D8FF2D9514C4}.Release|ARM64.ActiveCfg = Release|ARM64
		{CB0258E8-7608-49A3-922F-D8FF2D9514C4}.Release|ARM64.Build.0 = Release|ARM64
		{CB0258E8-7608-49A3-922F-D8FF2D9514C4}.Release|ARM64.Deploy.0 = Release|ARM64
		{CB0258E8-7608-49A3-922F-D8FF2D9514C4}.Release|x64.ActiveCfg = Release|x64
		{CB0258E8-7608-49A3-922F-D8FF2D9514C4}.Release|x64.Build.0 = Release|x64
		{CB0258E8-7608-49A3-922F-D8FF2D9514C4}.Release|x64.Deploy.0 = Release|x64
		{CB0258E8-7608-49A3-922F-D8FF2D9514C4}.Release|x86.ActiveCfg = Release|x86
		{CB0258E8-7608-49A3-922F-D8FF2D9514C4}.Release|x86.Build.0 = Release|x86
		{CB0258E8-7608-49A3-922F-D8FF2D9514C4}.Release|x86.Deploy.0 = Release|x86
	EndGlobalSection
	GlobalSection(SolutionProperties) = preSolution
		HideSolutionNode = FALSE
	EndGlobalSection
	GlobalSection(ExtensibilityGlobals) = postSolution
		SolutionGuid = {EC30EED0-84F8-49C2-9D61-86F0D8E8AE12}
	EndGlobalSection
EndGlobal
